// !$*UTF8*$!
{
	archiveVersion = 1;
	classes = {
	};
	objectVersion = 50;
	objects = {

/* Begin PBXBuildFile section */
		CBDF3C0024262C540036ECF5 /* AppDelegate.swift in Sources */ = {isa = PBXBuildFile; fileRef = CBDF3BFF24262C540036ECF5 /* AppDelegate.swift */; };
		CBDF3C0224262C540036ECF5 /* SceneDelegate.swift in Sources */ = {isa = PBXBuildFile; fileRef = CBDF3C0124262C540036ECF5 /* SceneDelegate.swift */; };
		CBDF3C0724262C540036ECF5 /* Main.storyboard in Resources */ = {isa = PBXBuildFile; fileRef = CBDF3C0524262C540036ECF5 /* Main.storyboard */; };
		CBDF3C0924262C570036ECF5 /* Assets.xcassets in Resources */ = {isa = PBXBuildFile; fileRef = CBDF3C0824262C570036ECF5 /* Assets.xcassets */; };
		CBDF3C0C24262C570036ECF5 /* LaunchScreen.storyboard in Resources */ = {isa = PBXBuildFile; fileRef = CBDF3C0A24262C570036ECF5 /* LaunchScreen.storyboard */; };
		CBDF3C1424262E900036ECF5 /* MyBillsViewController.swift in Sources */ = {isa = PBXBuildFile; fileRef = CBDF3C1324262E900036ECF5 /* MyBillsViewController.swift */; };
		CBDF3C1624262E9A0036ECF5 /* MyReceiptsViewController.swift in Sources */ = {isa = PBXBuildFile; fileRef = CBDF3C1524262E9A0036ECF5 /* MyReceiptsViewController.swift */; };
		CBDF3C1824262EA30036ECF5 /* HomeViewController.swift in Sources */ = {isa = PBXBuildFile; fileRef = CBDF3C1724262EA30036ECF5 /* HomeViewController.swift */; };
		CBDF3C1A24262EB50036ECF5 /* LoginViewController.swift in Sources */ = {isa = PBXBuildFile; fileRef = CBDF3C1924262EB50036ECF5 /* LoginViewController.swift */; };
		CBDF3C1C242633A00036ECF5 /* LoginHandler.swift in Sources */ = {isa = PBXBuildFile; fileRef = CBDF3C1B242633A00036ECF5 /* LoginHandler.swift */; };
		CBDF3C1E242655FB0036ECF5 /* BaseTabBarController.swift in Sources */ = {isa = PBXBuildFile; fileRef = CBDF3C1D242655FB0036ECF5 /* BaseTabBarController.swift */; };
/* End PBXBuildFile section */

/* Begin PBXFileReference section */
		CBDF3BFC24262C540036ECF5 /* SecureTabs.app */ = {isa = PBXFileReference; explicitFileType = wrapper.application; includeInIndex = 0; path = SecureTabs.app; sourceTree = BUILT_PRODUCTS_DIR; };
		CBDF3BFF24262C540036ECF5 /* AppDelegate.swift */ = {isa = PBXFileReference; lastKnownFileType = sourcecode.swift; path = AppDelegate.swift; sourceTree = "<group>"; };
		CBDF3C0124262C540036ECF5 /* SceneDelegate.swift */ = {isa = PBXFileReference; lastKnownFileType = sourcecode.swift; path = SceneDelegate.swift; sourceTree = "<group>"; };
		CBDF3C0624262C540036ECF5 /* Base */ = {isa = PBXFileReference; lastKnownFileType = file.storyboard; name = Base; path = Base.lproj/Main.storyboard; sourceTree = "<group>"; };
		CBDF3C0824262C570036ECF5 /* Assets.xcassets */ = {isa = PBXFileReference; lastKnownFileType = folder.assetcatalog; path = Assets.xcassets; sourceTree = "<group>"; };
		CBDF3C0B24262C570036ECF5 /* Base */ = {isa = PBXFileReference; lastKnownFileType = file.storyboard; name = Base; path = Base.lproj/LaunchScreen.storyboard; sourceTree = "<group>"; };
		CBDF3C0D24262C570036ECF5 /* Info.plist */ = {isa = PBXFileReference; lastKnownFileType = text.plist.xml; path = Info.plist; sourceTree = "<group>"; };
		CBDF3C1324262E900036ECF5 /* MyBillsViewController.swift */ = {isa = PBXFileReference; lastKnownFileType = sourcecode.swift; path = MyBillsViewController.swift; sourceTree = "<group>"; };
		CBDF3C1524262E9A0036ECF5 /* MyReceiptsViewController.swift */ = {isa = PBXFileReference; lastKnownFileType = sourcecode.swift; path = MyReceiptsViewController.swift; sourceTree = "<group>"; };
		CBDF3C1724262EA30036ECF5 /* HomeViewController.swift */ = {isa = PBXFileReference; lastKnownFileType = sourcecode.swift; path = HomeViewController.swift; sourceTree = "<group>"; };
		CBDF3C1924262EB50036ECF5 /* LoginViewController.swift */ = {isa = PBXFileReference; lastKnownFileType = sourcecode.swift; path = LoginViewController.swift; sourceTree = "<group>"; };
		CBDF3C1B242633A00036ECF5 /* LoginHandler.swift */ = {isa = PBXFileReference; lastKnownFileType = sourcecode.swift; path = LoginHandler.swift; sourceTree = "<group>"; };
		CBDF3C1D242655FB0036ECF5 /* BaseTabBarController.swift */ = {isa = PBXFileReference; lastKnownFileType = sourcecode.swift; path = BaseTabBarController.swift; sourceTree = "<group>"; };
/* End PBXFileReference section */

/* Begin PBXFrameworksBuildPhase section */
		CBDF3BF924262C540036ECF5 /* Frameworks */ = {
			isa = PBXFrameworksBuildPhase;
			buildActionMask = 2147483647;
			files = (
			);
			runOnlyForDeploymentPostprocessing = 0;
		};
/* End PBXFrameworksBuildPhase section */

/* Begin PBXGroup section */
		CBDF3BF324262C540036ECF5 = {
			isa = PBXGroup;
			children = (
				CBDF3BFE24262C540036ECF5 /* SecureTabs */,
				CBDF3BFD24262C540036ECF5 /* Products */,
			);
			sourceTree = "<group>";
		};
		CBDF3BFD24262C540036ECF5 /* Products */ = {
			isa = PBXGroup;
			children = (
				CBDF3BFC24262C540036ECF5 /* SecureTabs.app */,
			);
			name = Products;
			sourceTree = "<group>";
		};
		CBDF3BFE24262C540036ECF5 /* SecureTabs */ = {
			isa = PBXGroup;
			children = (
				CBDF3BFF24262C540036ECF5 /* AppDelegate.swift */,
				CBDF3C0124262C540036ECF5 /* SceneDelegate.swift */,
				CBDF3C1324262E900036ECF5 /* MyBillsViewController.swift */,
				CBDF3C1524262E9A0036ECF5 /* MyReceiptsViewController.swift */,
				CBDF3C1724262EA30036ECF5 /* HomeViewController.swift */,
				CBDF3C1924262EB50036ECF5 /* LoginViewController.swift */,
				CBDF3C1B242633A00036ECF5 /* LoginHandler.swift */,
				CBDF3C1D242655FB0036ECF5 /* BaseTabBarController.swift */,
				CBDF3C0524262C540036ECF5 /* Main.storyboard */,
				CBDF3C0824262C570036ECF5 /* Assets.xcassets */,
				CBDF3C0A24262C570036ECF5 /* LaunchScreen.storyboard */,
				CBDF3C0D24262C570036ECF5 /* Info.plist */,
			);
			path = SecureTabs;
			sourceTree = "<group>";
		};
/* End PBXGroup section */

/* Begin PBXNativeTarget section */
		CBDF3BFB24262C540036ECF5 /* SecureTabs */ = {
			isa = PBXNativeTarget;
			buildConfigurationList = CBDF3C1024262C570036ECF5 /* Build configuration list for PBXNativeTarget "SecureTabs" */;
			buildPhases = (
				CBDF3BF824262C540036ECF5 /* Sources */,
				CBDF3BF924262C540036ECF5 /* Frameworks */,
				CBDF3BFA24262C540036ECF5 /* Resources */,
			);
			buildRules = (
			);
			dependencies = (
			);
			name = SecureTabs;
			productName = SecureTabs;
			productReference = CBDF3BFC24262C540036ECF5 /* SecureTabs.app */;
			productType = "com.apple.product-type.application";
		};
/* End PBXNativeTarget section */

/* Begin PBXProject section */
		CBDF3BF424262C540036ECF5 /* Project object */ = {
			isa = PBXProject;
			attributes = {
				LastSwiftUpdateCheck = 1130;
				LastUpgradeCheck = 1130;
				ORGANIZATIONNAME = "Umer Khan";
				TargetAttributes = {
					CBDF3BFB24262C540036ECF5 = {
						CreatedOnToolsVersion = 11.3.1;
					};
				};
			};
			buildConfigurationList = CBDF3BF724262C540036ECF5 /* Build configuration list for PBXProject "SecureTabs" */;
			compatibilityVersion = "Xcode 9.3";
			developmentRegion = en;
			hasScannedForEncodings = 0;
			knownRegions = (
				en,
				Base,
			);
			mainGroup = CBDF3BF324262C540036ECF5;
			productRefGroup = CBDF3BFD24262C540036ECF5 /* Products */;
			projectDirPath = "";
			projectRoot = "";
			targets = (
				CBDF3BFB24262C540036ECF5 /* SecureTabs */,
			);
		};
/* End PBXProject section */

/* Begin PBXResourcesBuildPhase section */
		CBDF3BFA24262C540036ECF5 /* Resources */ = {
			isa = PBXResourcesBuildPhase;
			buildActionMask = 2147483647;
			files = (
				CBDF3C0C24262C570036ECF5 /* LaunchScreen.storyboard in Resources */,
				CBDF3C0924262C570036ECF5 /* Assets.xcassets in Resources */,
				CBDF3C0724262C540036ECF5 /* Main.storyboard in Resources */,
			);
			runOnlyForDeploymentPostprocessing = 0;
		};
/* End PBXResourcesBuildPhase section */

/* Begin PBXSourcesBuildPhase section */
		CBDF3BF824262C540036ECF5 /* Sources */ = {
			isa = PBXSourcesBuildPhase;
			buildActionMask = 2147483647;
			files = (
				CBDF3C1E242655FB0036ECF5 /* BaseTabBarController.swift in Sources */,
				CBDF3C1A24262EB50036ECF5 /* LoginViewController.swift in Sources */,
				CBDF3C1824262EA30036ECF5 /* HomeViewController.swift in Sources */,
				CBDF3C1424262E900036ECF5 /* MyBillsViewController.swift in Sources */,
				CBDF3C1C242633A00036ECF5 /* LoginHandler.swift in Sources */,
				CBDF3C1624262E9A0036ECF5 /* MyReceiptsViewController.swift in Sources */,
				CBDF3C0024262C540036ECF5 /* AppDelegate.swift in Sources */,
				CBDF3C0224262C540036ECF5 /* SceneDelegate.swift in Sources */,
			);
			runOnlyForDeploymentPostprocessing = 0;
		};
/* End PBXSourcesBuildPhase section */

/* Begin PBXVariantGroup section */
		CBDF3C0524262C540036ECF5 /* Main.storyboard */ = {
			isa = PBXVariantGroup;
			children = (
				CBDF3C0624262C540036ECF5 /* Base */,
			);
			name = Main.storyboard;
			sourceTree = "<group>";
		};
		CBDF3C0A24262C570036ECF5 /* LaunchScreen.storyboard */ = {
			isa = PBXVariantGroup;
			children = (
				CBDF3C0B24262C570036ECF5 /* Base */,
			);
			name = LaunchScreen.storyboard;
			sourceTree = "<group>";
		};
/* End PBXVariantGroup section */

/* Begin XCBuildConfiguration section */
		CBDF3C0E24262C570036ECF5 /* Debug */ = {
			isa = XCBuildConfiguration;
			buildSettings = {
				ALWAYS_SEARCH_USER_PATHS = NO;
				CLANG_ANALYZER_NONNULL = YES;
				CLANG_ANALYZER_NUMBER_OBJECT_CONVERSION = YES_AGGRESSIVE;
				CLANG_CXX_LANGUAGE_STANDARD = "gnu++14";
				CLANG_CXX_LIBRARY = "libc++";
				CLANG_ENABLE_MODULES = YES;
				CLANG_ENABLE_OBJC_ARC = YES;
				CLANG_ENABLE_OBJC_WEAK = YES;
				CLANG_WARN_BLOCK_CAPTURE_AUTORELEASING = YES;
				CLANG_WARN_BOOL_CONVERSION = YES;
				CLANG_WARN_COMMA = YES;
				CLANG_WARN_CONSTANT_CONVERSION = YES;
				CLANG_WARN_DEPRECATED_OBJC_IMPLEMENTATIONS = YES;
				CLANG_WARN_DIRECT_OBJC_ISA_USAGE = YES_ERROR;
				CLANG_WARN_DOCUMENTATION_COMMENTS = YES;
				CLANG_WARN_EMPTY_BODY = YES;
				CLANG_WARN_ENUM_CONVERSION = YES;
				CLANG_WARN_INFINITE_RECURSION = YES;
				CLANG_WARN_INT_CONVERSION = YES;
				CLANG_WARN_NON_LITERAL_NULL_CONVERSION = YES;
				CLANG_WARN_OBJC_IMPLICIT_RETAIN_SELF = YES;
				CLANG_WARN_OBJC_LITERAL_CONVERSION = YES;
				CLANG_WARN_OBJC_ROOT_CLASS = YES_ERROR;
				CLANG_WARN_RANGE_LOOP_ANALYSIS = YES;
				CLANG_WARN_STRICT_PROTOTYPES = YES;
				CLANG_WARN_SUSPICIOUS_MOVE = YES;
				CLANG_WARN_UNGUARDED_AVAILABILITY = YES_AGGRESSIVE;
				CLANG_WARN_UNREACHABLE_CODE = YES;
				CLANG_WARN__DUPLICATE_METHOD_MATCH = YES;
				COPY_PHASE_STRIP = NO;
				DEBUG_INFORMATION_FORMAT = dwarf;
				ENABLE_STRICT_OBJC_MSGSEND = YES;
				ENABLE_TESTABILITY = YES;
				GCC_C_LANGUAGE_STANDARD = gnu11;
				GCC_DYNAMIC_NO_PIC = NO;
				GCC_NO_COMMON_BLOCKS = YES;
				GCC_OPTIMIZATION_LEVEL = 0;
				GCC_PREPROCESSOR_DEFINITIONS = (
					"DEBUG=1",
					"$(inherited)",
				);
				GCC_WARN_64_TO_32_BIT_CONVERSION = YES;
				GCC_WARN_ABOUT_RETURN_TYPE = YES_ERROR;
				GCC_WARN_UNDECLARED_SELECTOR = YES;
				GCC_WARN_UNINITIALIZED_AUTOS = YES_AGGRESSIVE;
				GCC_WARN_UNUSED_FUNCTION = YES;
				GCC_WARN_UNUSED_VARIABLE = YES;
				IPHONEOS_DEPLOYMENT_TARGET = 13.2;
				MTL_ENABLE_DEBUG_INFO = INCLUDE_SOURCE;
				MTL_FAST_MATH = YES;
				ONLY_ACTIVE_ARCH = YES;
				SDKROOT = iphoneos;
				SWIFT_ACTIVE_COMPILATION_CONDITIONS = DEBUG;
				SWIFT_OPTIMIZATION_LEVEL = "-Onone";
			};
			name = Debug;
		};
		CBDF3C0F24262C570036ECF5 /* Release */ = {
			isa = XCBuildConfiguration;
			buildSettings = {
				ALWAYS_SEARCH_USER_PATHS = NO;
				CLANG_ANALYZER_NONNULL = YES;
				CLANG_ANALYZER_NUMBER_OBJECT_CONVERSION = YES_AGGRESSIVE;
				CLANG_CXX_LANGUAGE_STANDARD = "gnu++14";
				CLANG_CXX_LIBRARY = "libc++";
				CLANG_ENABLE_MODULES = YES;
				CLANG_ENABLE_OBJC_ARC = YES;
				CLANG_ENABLE_OBJC_WEAK = YES;
				CLANG_WARN_BLOCK_CAPTURE_AUTORELEASING = YES;
				CLANG_WARN_BOOL_CONVERSION = YES;
				CLANG_WARN_COMMA = YES;
				CLANG_WARN_CONSTANT_CONVERSION = YES;
				CLANG_WARN_DEPRECATED_OBJC_IMPLEMENTATIONS = YES;
				CLANG_WARN_DIRECT_OBJC_ISA_USAGE = YES_ERROR;
				CLANG_WARN_DOCUMENTATION_COMMENTS = YES;
				CLANG_WARN_EMPTY_BODY = YES;
				CLANG_WARN_ENUM_CONVERSION = YES;
				CLANG_WARN_INFINITE_RECURSION = YES;
				CLANG_WARN_INT_CONVERSION = YES;
				CLANG_WARN_NON_LITERAL_NULL_CONVERSION = YES;
				CLANG_WARN_OBJC_IMPLICIT_RETAIN_SELF = YES;
				CLANG_WARN_OBJC_LITERAL_CONVERSION = YES;
				CLANG_WARN_OBJC_ROOT_CLASS = YES_ERROR;
				CLANG_WARN_RANGE_LOOP_ANALYSIS = YES;
				CLANG_WARN_STRICT_PROTOTYPES = YES;
				CLANG_WARN_SUSPICIOUS_MOVE = YES;
				CLANG_WARN_UNGUARDED_AVAILABILITY = YES_AGGRESSIVE;
				CLANG_WARN_UNREACHABLE_CODE = YES;
				CLANG_WARN__DUPLICATE_METHOD_MATCH = YES;
				COPY_PHASE_STRIP = NO;
				DEBUG_INFORMATION_FORMAT = "dwarf-with-dsym";
				ENABLE_NS_ASSERTIONS = NO;
				ENABLE_STRICT_OBJC_MSGSEND = YES;
				GCC_C_LANGUAGE_STANDARD = gnu11;
				GCC_NO_COMMON_BLOCKS = YES;
				GCC_WARN_64_TO_32_BIT_CONVERSION = YES;
				GCC_WARN_ABOUT_RETURN_TYPE = YES_ERROR;
				GCC_WARN_UNDECLARED_SELECTOR = YES;
				GCC_WARN_UNINITIALIZED_AUTOS = YES_AGGRESSIVE;
				GCC_WARN_UNUSED_FUNCTION = YES;
				GCC_WARN_UNUSED_VARIABLE = YES;
				IPHONEOS_DEPLOYMENT_TARGET = 13.2;
				MTL_ENABLE_DEBUG_INFO = NO;
				MTL_FAST_MATH = YES;
				SDKROOT = iphoneos;
				SWIFT_COMPILATION_MODE = wholemodule;
				SWIFT_OPTIMIZATION_LEVEL = "-O";
				VALIDATE_PRODUCT = YES;
			};
			name = Release;
		};
		CBDF3C1124262C570036ECF5 /* Debug */ = {
			isa = XCBuildConfiguration;
			buildSettings = {
				ASSETCATALOG_COMPILER_APPICON_NAME = AppIcon;
				CODE_SIGN_STYLE = Automatic;
				INFOPLIST_FILE = SecureTabs/Info.plist;
				LD_RUNPATH_SEARCH_PATHS = (
					"$(inherited)",
					"@executable_path/Frameworks",
				);
				PRODUCT_BUNDLE_IDENTIFIER = com.developers.SecureTabs;
				PRODUCT_NAME = "$(TARGET_NAME)";
				SWIFT_VERSION = 5.0;
				TARGETED_DEVICE_FAMILY = "1,2";
			};
			name = Debug;
		};
		CBDF3C1224262C570036ECF5 /* Release */ = {
			isa = XCBuildConfiguration;
			buildSettings = {
				ASSETCATALOG_COMPILER_APPICON_NAME = AppIcon;
				CODE_SIGN_STYLE = Automatic;
				INFOPLIST_FILE = SecureTabs/Info.plist;
				LD_RUNPATH_SEARCH_PATHS = (
					"$(inherited)",
					"@executable_path/Frameworks",
				);
				PRODUCT_BUNDLE_IDENTIFIER = com.developers.SecureTabs;
				PRODUCT_NAME = "$(TARGET_NAME)";
				SWIFT_VERSION = 5.0;
				TARGETED_DEVICE_FAMILY = "1,2";
			};
			name = Release;
		};
/* End XCBuildConfiguration section */

/* Begin XCConfigurationList section */
		CBDF3BF724262C540036ECF5 /* Build configuration list for PBXProject "SecureTabs" */ = {
			isa = XCConfigurationList;
			buildConfigurations = (
				CBDF3C0E24262C570036ECF5 /* Debug */,
				CBDF3C0F24262C570036ECF5 /* Release */,
			);
			defaultConfigurationIsVisible = 0;
			defaultConfigurationName = Release;
		};
		CBDF3C1024262C570036ECF5 /* Build configuration list for PBXNativeTarget "SecureTabs" */ = {
			isa = XCConfigurationList;
			buildConfigurations = (
				CBDF3C1124262C570036ECF5 /* Debug */,
				CBDF3C1224262C570036ECF5 /* Release */,
			);
			defaultConfigurationIsVisible = 0;
			defaultConfigurationName = Release;
		};
/* End XCConfigurationList section */
	};
	rootObject = CBDF3BF424262C540036ECF5 /* Project object */;
}
